
Microsoft Visual Studio Solution File, Format Version 12.00
# Visual Studio Version 17
VisualStudioVersion = 17.9.34616.47
MinimumVisualStudioVersion = 10.0.40219.1
Project("{FAE04EC0-301F-11D3-BF4B-00C04F79EFBC}") = "MVCReactApp.Server", "MVCReactApp.Server\MVCReactApp.Server.csproj", "{8D95CB14-DCB1-4E39-8F47-0869535C4BD0}"
EndProject
Project("{54A90642-561A-4BB1-A94E-469ADEE60C69}") = "mvcreactapp.client", "mvcreactapp.client\mvcreactapp.client.esproj", "{AD2CB477-A6CB-4F5A-AA8B-0F7FAB80255B}"
EndProject
Global
	GlobalSection(SolutionConfigurationPlatforms) = preSolution
		Debug|Any CPU = Debug|Any CPU
		Release|Any CPU = Release|Any CPU
	EndGlobalSection
	GlobalSection(ProjectConfigurationPlatforms) = postSolution
		{8D95CB14-DCB1-4E39-8F47-0869535C4BD0}.Debug|Any CPU.ActiveCfg = Debug|Any CPU
		{8D95CB14-DCB1-4E39-8F47-0869535C4BD0}.Debug|Any CPU.Build.0 = Debug|Any CPU
		{8D95CB14-DCB1-4E39-8F47-0869535C4BD0}.Release|Any CPU.ActiveCfg = Release|Any CPU
		{8D95CB14-DCB1-4E39-8F47-0869535C4BD0}.Release|Any CPU.Build.0 = Release|Any CPU
		{AD2CB477-A6CB-4F5A-AA8B-0F7FAB80255B}.Debug|Any CPU.ActiveCfg = Debug|Any CPU
		{AD2CB477-A6CB-4F5A-AA8B-0F7FAB80255B}.Debug|Any CPU.Build.0 = Debug|Any CPU
		{AD2CB477-A6CB-4F5A-AA8B-0F7FAB80255B}.Debug|Any CPU.Deploy.0 = Debug|Any CPU
		{AD2CB477-A6CB-4F5A-AA8B-0F7FAB80255B}.Release|Any CPU.ActiveCfg = Release|Any CPU
		{AD2CB477-A6CB-4F5A-AA8B-0F7FAB80255B}.Release|Any CPU.Build.0 = Release|Any CPU
		{AD2CB477-A6CB-4F5A-AA8B-0F7FAB80255B}.Release|Any CPU.Deploy.0 = Release|Any CPU
	EndGlobalSection
	GlobalSection(SolutionProperties) = preSolution
		HideSolutionNode = FALSE
	EndGlobalSection
	GlobalSection(ExtensibilityGlobals) = postSolution
		SolutionGuid = {205C553F-9067-4B22-BA57-C0FC16371746}
	EndGlobalSection
EndGlobal
